// !$*UTF8*$!
{
	archiveVersion = 1;
	classes = {
	};
	objectVersion = 50;
	objects = {

/* Begin PBXBuildFile section */
		58A044172136D7BF005F83E3 /* AppDelegate.swift in Sources */ = {isa = PBXBuildFile; fileRef = 58A044162136D7BF005F83E3 /* AppDelegate.swift */; };
		58A044192136D7BF005F83E3 /* CitiesVC.swift in Sources */ = {isa = PBXBuildFile; fileRef = 58A044182136D7BF005F83E3 /* CitiesVC.swift */; };
		58A0441C2136D7BF005F83E3 /* Main.storyboard in Resources */ = {isa = PBXBuildFile; fileRef = 58A0441A2136D7BF005F83E3 /* Main.storyboard */; };
		58A0441E2136D7C1005F83E3 /* Assets.xcassets in Resources */ = {isa = PBXBuildFile; fileRef = 58A0441D2136D7C1005F83E3 /* Assets.xcassets */; };
		58A044212136D7C1005F83E3 /* LaunchScreen.storyboard in Resources */ = {isa = PBXBuildFile; fileRef = 58A0441F2136D7C1005F83E3 /* LaunchScreen.storyboard */; };
		58A0442C2136D7C2005F83E3 /* SbrnForecastTests.swift in Sources */ = {isa = PBXBuildFile; fileRef = 58A0442B2136D7C2005F83E3 /* SbrnForecastTests.swift */; };
		58A044372136D835005F83E3 /* ForecastVC.swift in Sources */ = {isa = PBXBuildFile; fileRef = 58A044362136D835005F83E3 /* ForecastVC.swift */; };
		58A044392136D85D005F83E3 /* CitiesTableViewCell.swift in Sources */ = {isa = PBXBuildFile; fileRef = 58A044382136D85D005F83E3 /* CitiesTableViewCell.swift */; };
		58A0443B2136D88A005F83E3 /* DailyForecastTableViewCell.swift in Sources */ = {isa = PBXBuildFile; fileRef = 58A0443A2136D88A005F83E3 /* DailyForecastTableViewCell.swift */; };
		58A0443D2136D89C005F83E3 /* City.swift in Sources */ = {isa = PBXBuildFile; fileRef = 58A0443C2136D89B005F83E3 /* City.swift */; };
		58A0443F2136D8CF005F83E3 /* SQLiteConnection.swift in Sources */ = {isa = PBXBuildFile; fileRef = 58A0443E2136D8CF005F83E3 /* SQLiteConnection.swift */; };
		58A044412136D908005F83E3 /* YahooResponseStruct.swift in Sources */ = {isa = PBXBuildFile; fileRef = 58A044402136D908005F83E3 /* YahooResponseStruct.swift */; };
		58A044432136D91B005F83E3 /* DailyForecast.swift in Sources */ = {isa = PBXBuildFile; fileRef = 58A044422136D91B005F83E3 /* DailyForecast.swift */; };
/* End PBXBuildFile section */

/* Begin PBXContainerItemProxy section */
		58A044282136D7C2005F83E3 /* PBXContainerItemProxy */ = {
			isa = PBXContainerItemProxy;
			containerPortal = 58A0440B2136D7BF005F83E3 /* Project object */;
			proxyType = 1;
			remoteGlobalIDString = 58A044122136D7BF005F83E3;
			remoteInfo = SbrnForecast;
		};
/* End PBXContainerItemProxy section */

/* Begin PBXFileReference section */
		58323B89214952DB00F6DA17 /* Alamofire.framework */ = {isa = PBXFileReference; lastKnownFileType = wrapper.framework; name = Alamofire.framework; path = Carthage/Build/iOS/Alamofire.framework; sourceTree = "<group>"; };
		58A044132136D7BF005F83E3 /* SbrnForecast.app */ = {isa = PBXFileReference; explicitFileType = wrapper.application; includeInIndex = 0; path = SbrnForecast.app; sourceTree = BUILT_PRODUCTS_DIR; };
		58A044162136D7BF005F83E3 /* AppDelegate.swift */ = {isa = PBXFileReference; lastKnownFileType = sourcecode.swift; path = AppDelegate.swift; sourceTree = "<group>"; };
		58A044182136D7BF005F83E3 /* CitiesVC.swift */ = {isa = PBXFileReference; lastKnownFileType = sourcecode.swift; path = CitiesVC.swift; sourceTree = "<group>"; };
		58A0441B2136D7BF005F83E3 /* Base */ = {isa = PBXFileReference; lastKnownFileType = file.storyboard; name = Base; path = Base.lproj/Main.storyboard; sourceTree = "<group>"; };
		58A0441D2136D7C1005F83E3 /* Assets.xcassets */ = {isa = PBXFileReference; lastKnownFileType = folder.assetcatalog; path = Assets.xcassets; sourceTree = "<group>"; };
		58A044202136D7C1005F83E3 /* Base */ = {isa = PBXFileReference; lastKnownFileType = file.storyboard; name = Base; path = Base.lproj/LaunchScreen.storyboard; sourceTree = "<group>"; };
		58A044222136D7C1005F83E3 /* Info.plist */ = {isa = PBXFileReference; lastKnownFileType = text.plist.xml; path = Info.plist; sourceTree = "<group>"; };
		58A044272136D7C2005F83E3 /* SbrnForecastTests.xctest */ = {isa = PBXFileReference; explicitFileType = wrapper.cfbundle; includeInIndex = 0; path = SbrnForecastTests.xctest; sourceTree = BUILT_PRODUCTS_DIR; };
		58A0442B2136D7C2005F83E3 /* SbrnForecastTests.swift */ = {isa = PBXFileReference; lastKnownFileType = sourcecode.swift; path = SbrnForecastTests.swift; sourceTree = "<group>"; };
		58A0442D2136D7C2005F83E3 /* Info.plist */ = {isa = PBXFileReference; lastKnownFileType = text.plist.xml; path = Info.plist; sourceTree = "<group>"; };
		58A044362136D835005F83E3 /* ForecastVC.swift */ = {isa = PBXFileReference; lastKnownFileType = sourcecode.swift; path = ForecastVC.swift; sourceTree = "<group>"; };
		58A044382136D85D005F83E3 /* CitiesTableViewCell.swift */ = {isa = PBXFileReference; lastKnownFileType = sourcecode.swift; path = CitiesTableViewCell.swift; sourceTree = "<group>"; };
		58A0443A2136D88A005F83E3 /* DailyForecastTableViewCell.swift */ = {isa = PBXFileReference; lastKnownFileType = sourcecode.swift; path = DailyForecastTableViewCell.swift; sourceTree = "<group>"; };
		58A0443C2136D89B005F83E3 /* City.swift */ = {isa = PBXFileReference; lastKnownFileType = sourcecode.swift; path = City.swift; sourceTree = "<group>"; };
		58A0443E2136D8CF005F83E3 /* SQLiteConnection.swift */ = {isa = PBXFileReference; lastKnownFileType = sourcecode.swift; path = SQLiteConnection.swift; sourceTree = "<group>"; };
		58A044402136D908005F83E3 /* YahooResponseStruct.swift */ = {isa = PBXFileReference; lastKnownFileType = sourcecode.swift; path = YahooResponseStruct.swift; sourceTree = "<group>"; };
		58A044422136D91B005F83E3 /* DailyForecast.swift */ = {isa = PBXFileReference; lastKnownFileType = sourcecode.swift; path = DailyForecast.swift; sourceTree = "<group>"; };
/* End PBXFileReference section */

/* Begin PBXFrameworksBuildPhase section */
		58A044102136D7BF005F83E3 /* Frameworks */ = {
			isa = PBXFrameworksBuildPhase;
			buildActionMask = 2147483647;
			files = (
			);
			runOnlyForDeploymentPostprocessing = 0;
		};
		58A044242136D7C2005F83E3 /* Frameworks */ = {
			isa = PBXFrameworksBuildPhase;
			buildActionMask = 2147483647;
			files = (
			);
			runOnlyForDeploymentPostprocessing = 0;
		};
/* End PBXFrameworksBuildPhase section */

/* Begin PBXGroup section */
		58323B88214952DA00F6DA17 /* Frameworks */ = {
			isa = PBXGroup;
			children = (
				58323B89214952DB00F6DA17 /* Alamofire.framework */,
			);
			name = Frameworks;
			sourceTree = "<group>";
		};
		58A0440A2136D7BF005F83E3 = {
			isa = PBXGroup;
			children = (
				58A044152136D7BF005F83E3 /* SbrnForecast */,
				58A0442A2136D7C2005F83E3 /* SbrnForecastTests */,
				58A044142136D7BF005F83E3 /* Products */,
				58323B88214952DA00F6DA17 /* Frameworks */,
			);
			sourceTree = "<group>";
		};
		58A044142136D7BF005F83E3 /* Products */ = {
			isa = PBXGroup;
			children = (
				58A044132136D7BF005F83E3 /* SbrnForecast.app */,
				58A044272136D7C2005F83E3 /* SbrnForecastTests.xctest */,
			);
			name = Products;
			sourceTree = "<group>";
		};
		58A044152136D7BF005F83E3 /* SbrnForecast */ = {
			isa = PBXGroup;
			children = (
				58A044162136D7BF005F83E3 /* AppDelegate.swift */,
				58A044182136D7BF005F83E3 /* CitiesVC.swift */,
				58A0443A2136D88A005F83E3 /* DailyForecastTableViewCell.swift */,
				58A0443C2136D89B005F83E3 /* City.swift */,
				58A044402136D908005F83E3 /* YahooResponseStruct.swift */,
				58A044422136D91B005F83E3 /* DailyForecast.swift */,
				58A0443E2136D8CF005F83E3 /* SQLiteConnection.swift */,
				58A044382136D85D005F83E3 /* CitiesTableViewCell.swift */,
				58A044362136D835005F83E3 /* ForecastVC.swift */,
				58A0441A2136D7BF005F83E3 /* Main.storyboard */,
				58A0441D2136D7C1005F83E3 /* Assets.xcassets */,
				58A0441F2136D7C1005F83E3 /* LaunchScreen.storyboard */,
				58A044222136D7C1005F83E3 /* Info.plist */,
			);
			path = SbrnForecast;
			sourceTree = "<group>";
		};
		58A0442A2136D7C2005F83E3 /* SbrnForecastTests */ = {
			isa = PBXGroup;
			children = (
				58A0442B2136D7C2005F83E3 /* SbrnForecastTests.swift */,
				58A0442D2136D7C2005F83E3 /* Info.plist */,
			);
			path = SbrnForecastTests;
			sourceTree = "<group>";
		};
/* End PBXGroup section */

/* Begin PBXNativeTarget section */
		58A044122136D7BF005F83E3 /* SbrnForecast */ = {
			isa = PBXNativeTarget;
			buildConfigurationList = 58A044302136D7C2005F83E3 /* Build configuration list for PBXNativeTarget "SbrnForecast" */;
			buildPhases = (
				58A0440F2136D7BF005F83E3 /* Sources */,
				58A044102136D7BF005F83E3 /* Frameworks */,
				58A044112136D7BF005F83E3 /* Resources */,
			);
			buildRules = (
			);
			dependencies = (
			);
			name = SbrnForecast;
			productName = SbrnForecast;
			productReference = 58A044132136D7BF005F83E3 /* SbrnForecast.app */;
			productType = "com.apple.product-type.application";
		};
		58A044262136D7C2005F83E3 /* SbrnForecastTests */ = {
			isa = PBXNativeTarget;
			buildConfigurationList = 58A044332136D7C2005F83E3 /* Build configuration list for PBXNativeTarget "SbrnForecastTests" */;
			buildPhases = (
				58A044232136D7C2005F83E3 /* Sources */,
				58A044242136D7C2005F83E3 /* Frameworks */,
				58A044252136D7C2005F83E3 /* Resources */,
			);
			buildRules = (
			);
			dependencies = (
				58A044292136D7C2005F83E3 /* PBXTargetDependency */,
			);
			name = SbrnForecastTests;
			productName = SbrnForecastTests;
			productReference = 58A044272136D7C2005F83E3 /* SbrnForecastTests.xctest */;
			productType = "com.apple.product-type.bundle.unit-test";
		};
/* End PBXNativeTarget section */

/* Begin PBXProject section */
		58A0440B2136D7BF005F83E3 /* Project object */ = {
			isa = PBXProject;
			attributes = {
				LastSwiftUpdateCheck = 0940;
				LastUpgradeCheck = 0940;
				ORGANIZATIONNAME = Mac_mini;
				TargetAttributes = {
					58A044122136D7BF005F83E3 = {
						CreatedOnToolsVersion = 9.4.1;
					};
					58A044262136D7C2005F83E3 = {
						CreatedOnToolsVersion = 9.4.1;
						TestTargetID = 58A044122136D7BF005F83E3;
					};
				};
			};
			buildConfigurationList = 58A0440E2136D7BF005F83E3 /* Build configuration list for PBXProject "SbrnForecast" */;
			compatibilityVersion = "Xcode 9.3";
			developmentRegion = en;
			hasScannedForEncodings = 0;
			knownRegions = (
				en,
				Base,
			);
			mainGroup = 58A0440A2136D7BF005F83E3;
			productRefGroup = 58A044142136D7BF005F83E3 /* Products */;
			projectDirPath = "";
			projectRoot = "";
			targets = (
				58A044122136D7BF005F83E3 /* SbrnForecast */,
				58A044262136D7C2005F83E3 /* SbrnForecastTests */,
			);
		};
/* End PBXProject section */

/* Begin PBXResourcesBuildPhase section */
		58A044112136D7BF005F83E3 /* Resources */ = {
			isa = PBXResourcesBuildPhase;
			buildActionMask = 2147483647;
			files = (
				58A044212136D7C1005F83E3 /* LaunchScreen.storyboard in Resources */,
				58A0441E2136D7C1005F83E3 /* Assets.xcassets in Resources */,
				58A0441C2136D7BF005F83E3 /* Main.storyboard in Resources */,
			);
			runOnlyForDeploymentPostprocessing = 0;
		};
		58A044252136D7C2005F83E3 /* Resources */ = {
			isa = PBXResourcesBuildPhase;
			buildActionMask = 2147483647;
			files = (
			);
			runOnlyForDeploymentPostprocessing = 0;
		};
/* End PBXResourcesBuildPhase section */

/* Begin PBXSourcesBuildPhase section */
		58A0440F2136D7BF005F83E3 /* Sources */ = {
			isa = PBXSourcesBuildPhase;
			buildActionMask = 2147483647;
			files = (
				58A044412136D908005F83E3 /* YahooResponseStruct.swift in Sources */,
				58A044392136D85D005F83E3 /* CitiesTableViewCell.swift in Sources */,
				58A044432136D91B005F83E3 /* DailyForecast.swift in Sources */,
				58A0443B2136D88A005F83E3 /* DailyForecastTableViewCell.swift in Sources */,
				58A0443D2136D89C005F83E3 /* City.swift in Sources */,
				58A044372136D835005F83E3 /* ForecastVC.swift in Sources */,
				58A0443F2136D8CF005F83E3 /* SQLiteConnection.swift in Sources */,
				58A044192136D7BF005F83E3 /* CitiesVC.swift in Sources */,
				58A044172136D7BF005F83E3 /* AppDelegate.swift in Sources */,
			);
			runOnlyForDeploymentPostprocessing = 0;
		};
		58A044232136D7C2005F83E3 /* Sources */ = {
			isa = PBXSourcesBuildPhase;
			buildActionMask = 2147483647;
			files = (
				58A0442C2136D7C2005F83E3 /* SbrnForecastTests.swift in Sources */,
			);
			runOnlyForDeploymentPostprocessing = 0;
		};
/* End PBXSourcesBuildPhase section */

/* Begin PBXTargetDependency section */
		58A044292136D7C2005F83E3 /* PBXTargetDependency */ = {
			isa = PBXTargetDependency;
			target = 58A044122136D7BF005F83E3 /* SbrnForecast */;
			targetProxy = 58A044282136D7C2005F83E3 /* PBXContainerItemProxy */;
		};
/* End PBXTargetDependency section */

/* Begin PBXVariantGroup section */
		58A0441A2136D7BF005F83E3 /* Main.storyboard */ = {
			isa = PBXVariantGroup;
			children = (
				58A0441B2136D7BF005F83E3 /* Base */,
			);
			name = Main.storyboard;
			sourceTree = "<group>";
		};
		58A0441F2136D7C1005F83E3 /* LaunchScreen.storyboard */ = {
			isa = PBXVariantGroup;
			children = (
				58A044202136D7C1005F83E3 /* Base */,
			);
			name = LaunchScreen.storyboard;
			sourceTree = "<group>";
		};
/* End PBXVariantGroup section */

/* Begin XCBuildConfiguration section */
		58A0442E2136D7C2005F83E3 /* Debug */ = {
			isa = XCBuildConfiguration;
			buildSettings = {
				ALWAYS_SEARCH_USER_PATHS = NO;
				CLANG_ANALYZER_NONNULL = YES;
				CLANG_ANALYZER_NUMBER_OBJECT_CONVERSION = YES_AGGRESSIVE;
				CLANG_CXX_LANGUAGE_STANDARD = "gnu++14";
				CLANG_CXX_LIBRARY = "libc++";
				CLANG_ENABLE_MODULES = YES;
				CLANG_ENABLE_OBJC_ARC = YES;
				CLANG_ENABLE_OBJC_WEAK = YES;
				CLANG_WARN_BLOCK_CAPTURE_AUTORELEASING = YES;
				CLANG_WARN_BOOL_CONVERSION = YES;
				CLANG_WARN_COMMA = YES;
				CLANG_WARN_CONSTANT_CONVERSION = YES;
				CLANG_WARN_DEPRECATED_OBJC_IMPLEMENTATIONS = YES;
				CLANG_WARN_DIRECT_OBJC_ISA_USAGE = YES_ERROR;
				CLANG_WARN_DOCUMENTATION_COMMENTS = YES;
				CLANG_WARN_EMPTY_BODY = YES;
				CLANG_WARN_ENUM_CONVERSION = YES;
				CLANG_WARN_INFINITE_RECURSION = YES;
				CLANG_WARN_INT_CONVERSION = YES;
				CLANG_WARN_NON_LITERAL_NULL_CONVERSION = YES;
				CLANG_WARN_OBJC_IMPLICIT_RETAIN_SELF = YES;
				CLANG_WARN_OBJC_LITERAL_CONVERSION = YES;
				CLANG_WARN_OBJC_ROOT_CLASS = YES_ERROR;
				CLANG_WARN_RANGE_LOOP_ANALYSIS = YES;
				CLANG_WARN_STRICT_PROTOTYPES = YES;
				CLANG_WARN_SUSPICIOUS_MOVE = YES;
				CLANG_WARN_UNGUARDED_AVAILABILITY = YES_AGGRESSIVE;
				CLANG_WARN_UNREACHABLE_CODE = YES;
				CLANG_WARN__DUPLICATE_METHOD_MATCH = YES;
				CODE_SIGN_IDENTITY = "iPhone Developer";
				COPY_PHASE_STRIP = NO;
				DEBUG_INFORMATION_FORMAT = dwarf;
				ENABLE_STRICT_OBJC_MSGSEND = YES;
				ENABLE_TESTABILITY = YES;
				GCC_C_LANGUAGE_STANDARD = gnu11;
				GCC_DYNAMIC_NO_PIC = NO;
				GCC_NO_COMMON_BLOCKS = YES;
				GCC_OPTIMIZATION_LEVEL = 0;
				GCC_PREPROCESSOR_DEFINITIONS = (
					"DEBUG=1",
					"$(inherited)",
				);
				GCC_WARN_64_TO_32_BIT_CONVERSION = YES;
				GCC_WARN_ABOUT_RETURN_TYPE = YES_ERROR;
				GCC_WARN_UNDECLARED_SELECTOR = YES;
				GCC_WARN_UNINITIALIZED_AUTOS = YES_AGGRESSIVE;
				GCC_WARN_UNUSED_FUNCTION = YES;
				GCC_WARN_UNUSED_VARIABLE = YES;
				IPHONEOS_DEPLOYMENT_TARGET = 11.4;
				MTL_ENABLE_DEBUG_INFO = YES;
				ONLY_ACTIVE_ARCH = YES;
				SDKROOT = iphoneos;
				SWIFT_ACTIVE_COMPILATION_CONDITIONS = DEBUG;
				SWIFT_OPTIMIZATION_LEVEL = "-Onone";
			};
			name = Debug;
		};
		58A0442F2136D7C2005F83E3 /* Release */ = {
			isa = XCBuildConfiguration;
			buildSettings = {
				ALWAYS_SEARCH_USER_PATHS = NO;
				CLANG_ANALYZER_NONNULL = YES;
				CLANG_ANALYZER_NUMBER_OBJECT_CONVERSION = YES_AGGRESSIVE;
				CLANG_CXX_LANGUAGE_STANDARD = "gnu++14";
				CLANG_CXX_LIBRARY = "libc++";
				CLANG_ENABLE_MODULES = YES;
				CLANG_ENABLE_OBJC_ARC = YES;
				CLANG_ENABLE_OBJC_WEAK = YES;
				CLANG_WARN_BLOCK_CAPTURE_AUTORELEASING = YES;
				CLANG_WARN_BOOL_CONVERSION = YES;
				CLANG_WARN_COMMA = YES;
				CLANG_WARN_CONSTANT_CONVERSION = YES;
				CLANG_WARN_DEPRECATED_OBJC_IMPLEMENTATIONS = YES;
				CLANG_WARN_DIRECT_OBJC_ISA_USAGE = YES_ERROR;
				CLANG_WARN_DOCUMENTATION_COMMENTS = YES;
				CLANG_WARN_EMPTY_BODY = YES;
				CLANG_WARN_ENUM_CONVERSION = YES;
				CLANG_WARN_INFINITE_RECURSION = YES;
				CLANG_WARN_INT_CONVERSION = YES;
				CLANG_WARN_NON_LITERAL_NULL_CONVERSION = YES;
				CLANG_WARN_OBJC_IMPLICIT_RETAIN_SELF = YES;
				CLANG_WARN_OBJC_LITERAL_CONVERSION = YES;
				CLANG_WARN_OBJC_ROOT_CLASS = YES_ERROR;
				CLANG_WARN_RANGE_LOOP_ANALYSIS = YES;
				CLANG_WARN_STRICT_PROTOTYPES = YES;
				CLANG_WARN_SUSPICIOUS_MOVE = YES;
				CLANG_WARN_UNGUARDED_AVAILABILITY = YES_AGGRESSIVE;
				CLANG_WARN_UNREACHABLE_CODE = YES;
				CLANG_WARN__DUPLICATE_METHOD_MATCH = YES;
				CODE_SIGN_IDENTITY = "iPhone Developer";
				COPY_PHASE_STRIP = NO;
				DEBUG_INFORMATION_FORMAT = "dwarf-with-dsym";
				ENABLE_NS_ASSERTIONS = NO;
				ENABLE_STRICT_OBJC_MSGSEND = YES;
				GCC_C_LANGUAGE_STANDARD = gnu11;
				GCC_NO_COMMON_BLOCKS = YES;
				GCC_WARN_64_TO_32_BIT_CONVERSION = YES;
				GCC_WARN_ABOUT_RETURN_TYPE = YES_ERROR;
				GCC_WARN_UNDECLARED_SELECTOR = YES;
				GCC_WARN_UNINITIALIZED_AUTOS = YES_AGGRESSIVE;
				GCC_WARN_UNUSED_FUNCTION = YES;
				GCC_WARN_UNUSED_VARIABLE = YES;
				IPHONEOS_DEPLOYMENT_TARGET = 11.4;
				MTL_ENABLE_DEBUG_INFO = NO;
				SDKROOT = iphoneos;
				SWIFT_COMPILATION_MODE = wholemodule;
				SWIFT_OPTIMIZATION_LEVEL = "-O";
				VALIDATE_PRODUCT = YES;
			};
			name = Release;
		};
		58A044312136D7C2005F83E3 /* Debug */ = {
			isa = XCBuildConfiguration;
			buildSettings = {
				ASSETCATALOG_COMPILER_APPICON_NAME = AppIcon;
				CODE_SIGN_STYLE = Automatic;
				FRAMEWORK_SEARCH_PATHS = (
					"$(inherited)",
					"$(PROJECT_DIR)/Carthage/Build/iOS",
				);
				INFOPLIST_FILE = SbrnForecast/Info.plist;
				IPHONEOS_DEPLOYMENT_TARGET = 11.4;
				LD_RUNPATH_SEARCH_PATHS = (
					"$(inherited)",
					"@executable_path/Frameworks",
				);
				PRODUCT_BUNDLE_IDENTIFIER = sbrnhussar.SbrnForecast;
				PRODUCT_NAME = "$(TARGET_NAME)";
				SWIFT_VERSION = 4.0;
				TARGETED_DEVICE_FAMILY = "1,2";
			};
			name = Debug;
		};
		58A044322136D7C2005F83E3 /* Release */ = {
			isa = XCBuildConfiguration;
			buildSettings = {
				ASSETCATALOG_COMPILER_APPICON_NAME = AppIcon;
				CODE_SIGN_STYLE = Automatic;
				FRAMEWORK_SEARCH_PATHS = (
					"$(inherited)",
					"$(PROJECT_DIR)/Carthage/Build/iOS",
				);
				INFOPLIST_FILE = SbrnForecast/Info.plist;
				IPHONEOS_DEPLOYMENT_TARGET = 11.4;
				LD_RUNPATH_SEARCH_PATHS = (
					"$(inherited)",
					"@executable_path/Frameworks",
				);
				PRODUCT_BUNDLE_IDENTIFIER = sbrnhussar.SbrnForecast;
				PRODUCT_NAME = "$(TARGET_NAME)";
				SWIFT_VERSION = 4.0;
				TARGETED_DEVICE_FAMILY = "1,2";
			};
			name = Release;
		};
		58A044342136D7C2005F83E3 /* Debug */ = {
			isa = XCBuildConfiguration;
			buildSettings = {
				ALWAYS_EMBED_SWIFT_STANDARD_LIBRARIES = YES;
				BUNDLE_LOADER = "$(TEST_HOST)";
				CODE_SIGN_STYLE = Automatic;
				INFOPLIST_FILE = SbrnForecastTests/Info.plist;
				LD_RUNPATH_SEARCH_PATHS = (
					"$(inherited)",
					"@executable_path/Frameworks",
					"@loader_path/Frameworks",
				);
				PRODUCT_BUNDLE_IDENTIFIER = sbrnhussar.SbrnForecastTests;
				PRODUCT_NAME = "$(TARGET_NAME)";
				SWIFT_VERSION = 4.0;
				TARGETED_DEVICE_FAMILY = "1,2";
				TEST_HOST = "$(BUILT_PRODUCTS_DIR)/SbrnForecast.app/SbrnForecast";
			};
			name = Debug;
		};
		58A044352136D7C2005F83E3 /* Release */ = {
			isa = XCBuildConfiguration;
			buildSettings = {
				ALWAYS_EMBED_SWIFT_STANDARD_LIBRARIES = YES;
				BUNDLE_LOADER = "$(TEST_HOST)";
				CODE_SIGN_STYLE = Automatic;
				INFOPLIST_FILE = SbrnForecastTests/Info.plist;
				LD_RUNPATH_SEARCH_PATHS = (
					"$(inherited)",
					"@executable_path/Frameworks",
					"@loader_path/Frameworks",
				);
				PRODUCT_BUNDLE_IDENTIFIER = sbrnhussar.SbrnForecastTests;
				PRODUCT_NAME = "$(TARGET_NAME)";
				SWIFT_VERSION = 4.0;
				TARGETED_DEVICE_FAMILY = "1,2";
				TEST_HOST = "$(BUILT_PRODUCTS_DIR)/SbrnForecast.app/SbrnForecast";
			};
			name = Release;
		};
/* End XCBuildConfiguration section */

/* Begin XCConfigurationList section */
		58A0440E2136D7BF005F83E3 /* Build configuration list for PBXProject "SbrnForecast" */ = {
			isa = XCConfigurationList;
			buildConfigurations = (
				58A0442E2136D7C2005F83E3 /* Debug */,
				58A0442F2136D7C2005F83E3 /* Release */,
			);
			defaultConfigurationIsVisible = 0;
			defaultConfigurationName = Release;
		};
		58A044302136D7C2005F83E3 /* Build configuration list for PBXNativeTarget "SbrnForecast" */ = {
			isa = XCConfigurationList;
			buildConfigurations = (
				58A044312136D7C2005F83E3 /* Debug */,
				58A044322136D7C2005F83E3 /* Release */,
			);
			defaultConfigurationIsVisible = 0;
			defaultConfigurationName = Release;
		};
		58A044332136D7C2005F83E3 /* Build configuration list for PBXNativeTarget "SbrnForecastTests" */ = {
			isa = XCConfigurationList;
			buildConfigurations = (
				58A044342136D7C2005F83E3 /* Debug */,
				58A044352136D7C2005F83E3 /* Release */,
			);
			defaultConfigurationIsVisible = 0;
			defaultConfigurationName = Release;
		};
/* End XCConfigurationList section */
	};
	rootObject = 58A0440B2136D7BF005F83E3 /* Project object */;
}
